
Microsoft Visual Studio Solution File, Format Version 12.00
# Visual Studio Version 16
VisualStudioVersion = 16.0.30104.148
MinimumVisualStudioVersion = 10.0.40219.1
Project("{9A19103F-16F7-4668-BE54-9A1E7A4F7556}") = "ArcticCircle", "ArcticCircle.csproj", "{F51CF5A9-60FF-4788-8580-9074F7079A0C}"
EndProject
Global
	GlobalSection(SolutionConfigurationPlatforms) = preSolution
		Debug|Any CPU = Debug|Any CPU
		Release|Any CPU = Release|Any CPU
	EndGlobalSection
	GlobalSection(ProjectConfigurationPlatforms) = postSolution
		{F51CF5A9-60FF-4788-8580-9074F7079A0C}.Debug|Any CPU.ActiveCfg = Debug|Any CPU
		{F51CF5A9-60FF-4788-8580-9074F7079A0C}.Debug|Any CPU.Build.0 = Debug|Any CPU
		{F51CF5A9-60FF-4788-8580-9074F7079A0C}.Release|Any CPU.ActiveCfg = Release|Any CPU
		{F51CF5A9-60FF-4788-8580-9074F7079A0C}.Release|Any CPU.Build.0 = Release|Any CPU
	EndGlobalSection
	GlobalSection(SolutionProperties) = preSolution
		HideSolutionNode = FALSE
	EndGlobalSection
	GlobalSection(ExtensibilityGlobals) = postSolution
		SolutionGuid = {3FB51156-25AD-4E44-80BE-AE9572F4BCB1}
	EndGlobalSection
EndGlobal
